
Microsoft Visual Studio Solution File, Format Version 12.00
# Visual Studio Version 16
VisualStudioVersion = 16.0.31112.23
MinimumVisualStudioVersion = 10.0.40219.1
Project("{FAE04EC0-301F-11D3-BF4B-00C04F79EFBC}") = "tourism club", "tourism club\tourism club.csproj", "{03E5B6F8-7793-4EDA-8DB0-C6F690EB722C}"
EndProject
Global
	GlobalSection(SolutionConfigurationPlatforms) = preSolution
		Debug|Any CPU = Debug|Any CPU
		Release|Any CPU = Release|Any CPU
	EndGlobalSection
	GlobalSection(ProjectConfigurationPlatforms) = postSolution
		{03E5B6F8-7793-4EDA-8DB0-C6F690EB722C}.Debug|Any CPU.ActiveCfg = Debug|Any CPU
		{03E5B6F8-7793-4EDA-8DB0-C6F690EB722C}.Debug|Any CPU.Build.0 = Debug|Any CPU
		{03E5B6F8-7793-4EDA-8DB0-C6F690EB722C}.Release|Any CPU.ActiveCfg = Release|Any CPU
		{03E5B6F8-7793-4EDA-8DB0-C6F690EB722C}.Release|Any CPU.Build.0 = Release|Any CPU
	EndGlobalSection
	GlobalSection(SolutionProperties) = preSolution
		HideSolutionNode = FALSE
	EndGlobalSection
	GlobalSection(ExtensibilityGlobals) = postSolution
		SolutionGuid = {B0C1259F-C50D-430A-B006-81346F9A626F}
	EndGlobalSection
EndGlobal
